
Microsoft Visual Studio Solution File, Format Version 12.00
Project("{FAE04EC0-301F-11D3-BF4B-00C04F79EFBC}") = "CompanyManager.Api", "CompanyManager.Api\CompanyManager.Api.csproj", "{99333134-BA4D-4411-8079-5F05762774D5}"
EndProject
Project("{FAE04EC0-301F-11D3-BF4B-00C04F79EFBC}") = "CompanyManager.Contracts", "CompanyManager.Contracts\CompanyManager.Contracts.csproj", "{4E633F00-003D-42EE-B98A-4722FF256946}"
EndProject
Project("{FAE04EC0-301F-11D3-BF4B-00C04F79EFBC}") = "CompanyManager.LoggerService", "CompanyManager.LoggerService\CompanyManager.LoggerService.csproj", "{F935F795-BF44-4D26-90DC-1CD8B78B08AC}"
EndProject
Project("{FAE04EC0-301F-11D3-BF4B-00C04F79EFBC}") = "CompanyManager.Entities", "CompanyManager.Entities\CompanyManager.Entities.csproj", "{F5AE9F60-FFE0-4912-800E-F3E3C1C34926}"
EndProject
Project("{FAE04EC0-301F-11D3-BF4B-00C04F79EFBC}") = "CompanyManager.Repository", "CompanyManager.Repository\CompanyManager.Repository.csproj", "{EAAF2CBE-E2AA-4BC1-86A1-BAB5F9BB8104}"
EndProject
Project("{FAE04EC0-301F-11D3-BF4B-00C04F79EFBC}") = "CompanyManager.Services.Contracts", "CompanyManager.Services.Contracts\CompanyManager.Services.Contracts.csproj", "{6F00FAFE-32B4-4F08-AFF3-63E8C4377EB0}"
EndProject
Project("{FAE04EC0-301F-11D3-BF4B-00C04F79EFBC}") = "CompanyManager.Services", "CompanyManager.Services\CompanyManager.Services.csproj", "{DDEC80E9-746F-4611-9910-85FD39793399}"
EndProject
Project("{FAE04EC0-301F-11D3-BF4B-00C04F79EFBC}") = "CompanyManager.Presentation", "CompanyManager.Presentation\CompanyManager.Presentation.csproj", "{A87B7D3A-B6BF-49A3-9AE4-1A050307171D}"
EndProject
Project("{FAE04EC0-301F-11D3-BF4B-00C04F79EFBC}") = "CompanyManager.Shared", "CompanyManager.Shared\CompanyManager.Shared.csproj", "{A404DB78-C0AC-444F-B988-A1642612F6E0}"
EndProject
Project("{FAE04EC0-301F-11D3-BF4B-00C04F79EFBC}") = "CompanyManager.Clients", "CompanyManager.Clients\CompanyManager.Clients.csproj", "{80A9B53B-2553-41F4-AFF5-A9D7670F6915}"
EndProject
Project("{FAE04EC0-301F-11D3-BF4B-00C04F79EFBC}") = "CompanyManager.Helpers", "CompanyManager.Helpers\CompanyManager.Helpers.csproj", "{7610E817-7F2D-4B8E-809D-8C37213D46C2}"
EndProject
Project("{FAE04EC0-301F-11D3-BF4B-00C04F79EFBC}") = "CompanyManager.TestingConsole", "CompanyManager.TestingConsole\CompanyManager.TestingConsole.csproj", "{478C4A45-D263-4CA0-91C5-5E4EAF600647}"
EndProject
Global
	GlobalSection(SolutionConfigurationPlatforms) = preSolution
		Debug|Any CPU = Debug|Any CPU
		Release|Any CPU = Release|Any CPU
	EndGlobalSection
	GlobalSection(ProjectConfigurationPlatforms) = postSolution
		{99333134-BA4D-4411-8079-5F05762774D5}.Debug|Any CPU.ActiveCfg = Debug|Any CPU
		{99333134-BA4D-4411-8079-5F05762774D5}.Debug|Any CPU.Build.0 = Debug|Any CPU
		{99333134-BA4D-4411-8079-5F05762774D5}.Release|Any CPU.ActiveCfg = Release|Any CPU
		{99333134-BA4D-4411-8079-5F05762774D5}.Release|Any CPU.Build.0 = Release|Any CPU
		{4E633F00-003D-42EE-B98A-4722FF256946}.Debug|Any CPU.ActiveCfg = Debug|Any CPU
		{4E633F00-003D-42EE-B98A-4722FF256946}.Debug|Any CPU.Build.0 = Debug|Any CPU
		{4E633F00-003D-42EE-B98A-4722FF256946}.Release|Any CPU.ActiveCfg = Release|Any CPU
		{4E633F00-003D-42EE-B98A-4722FF256946}.Release|Any CPU.Build.0 = Release|Any CPU
		{F935F795-BF44-4D26-90DC-1CD8B78B08AC}.Debug|Any CPU.ActiveCfg = Debug|Any CPU
		{F935F795-BF44-4D26-90DC-1CD8B78B08AC}.Debug|Any CPU.Build.0 = Debug|Any CPU
		{F935F795-BF44-4D26-90DC-1CD8B78B08AC}.Release|Any CPU.ActiveCfg = Release|Any CPU
		{F935F795-BF44-4D26-90DC-1CD8B78B08AC}.Release|Any CPU.Build.0 = Release|Any CPU
		{F5AE9F60-FFE0-4912-800E-F3E3C1C34926}.Debug|Any CPU.ActiveCfg = Debug|Any CPU
		{F5AE9F60-FFE0-4912-800E-F3E3C1C34926}.Debug|Any CPU.Build.0 = Debug|Any CPU
		{F5AE9F60-FFE0-4912-800E-F3E3C1C34926}.Release|Any CPU.ActiveCfg = Release|Any CPU
		{F5AE9F60-FFE0-4912-800E-F3E3C1C34926}.Release|Any CPU.Build.0 = Release|Any CPU
		{EAAF2CBE-E2AA-4BC1-86A1-BAB5F9BB8104}.Debug|Any CPU.ActiveCfg = Debug|Any CPU
		{EAAF2CBE-E2AA-4BC1-86A1-BAB5F9BB8104}.Debug|Any CPU.Build.0 = Debug|Any CPU
		{EAAF2CBE-E2AA-4BC1-86A1-BAB5F9BB8104}.Release|Any CPU.ActiveCfg = Release|Any CPU
		{EAAF2CBE-E2AA-4BC1-86A1-BAB5F9BB8104}.Release|Any CPU.Build.0 = Release|Any CPU
		{6F00FAFE-32B4-4F08-AFF3-63E8C4377EB0}.Debug|Any CPU.ActiveCfg = Debug|Any CPU
		{6F00FAFE-32B4-4F08-AFF3-63E8C4377EB0}.Debug|Any CPU.Build.0 = Debug|Any CPU
		{6F00FAFE-32B4-4F08-AFF3-63E8C4377EB0}.Release|Any CPU.ActiveCfg = Release|Any CPU
		{6F00FAFE-32B4-4F08-AFF3-63E8C4377EB0}.Release|Any CPU.Build.0 = Release|Any CPU
		{DDEC80E9-746F-4611-9910-85FD39793399}.Debug|Any CPU.ActiveCfg = Debug|Any CPU
		{DDEC80E9-746F-4611-9910-85FD39793399}.Debug|Any CPU.Build.0 = Debug|Any CPU
		{DDEC80E9-746F-4611-9910-85FD39793399}.Release|Any CPU.ActiveCfg = Release|Any CPU
		{DDEC80E9-746F-4611-9910-85FD39793399}.Release|Any CPU.Build.0 = Release|Any CPU
		{A87B7D3A-B6BF-49A3-9AE4-1A050307171D}.Debug|Any CPU.ActiveCfg = Debug|Any CPU
		{A87B7D3A-B6BF-49A3-9AE4-1A050307171D}.Debug|Any CPU.Build.0 = Debug|Any CPU
		{A87B7D3A-B6BF-49A3-9AE4-1A050307171D}.Release|Any CPU.ActiveCfg = Release|Any CPU
		{A87B7D3A-B6BF-49A3-9AE4-1A050307171D}.Release|Any CPU.Build.0 = Release|Any CPU
		{A404DB78-C0AC-444F-B988-A1642612F6E0}.Debug|Any CPU.ActiveCfg = Debug|Any CPU
		{A404DB78-C0AC-444F-B988-A1642612F6E0}.Debug|Any CPU.Build.0 = Debug|Any CPU
		{A404DB78-C0AC-444F-B988-A1642612F6E0}.Release|Any CPU.ActiveCfg = Release|Any CPU
		{A404DB78-C0AC-444F-B988-A1642612F6E0}.Release|Any CPU.Build.0 = Release|Any CPU
		{80A9B53B-2553-41F4-AFF5-A9D7670F6915}.Debug|Any CPU.ActiveCfg = Debug|Any CPU
		{80A9B53B-2553-41F4-AFF5-A9D7670F6915}.Debug|Any CPU.Build.0 = Debug|Any CPU
		{80A9B53B-2553-41F4-AFF5-A9D7670F6915}.Release|Any CPU.ActiveCfg = Release|Any CPU
		{80A9B53B-2553-41F4-AFF5-A9D7670F6915}.Release|Any CPU.Build.0 = Release|Any CPU
		{7610E817-7F2D-4B8E-809D-8C37213D46C2}.Debug|Any CPU.ActiveCfg = Debug|Any CPU
		{7610E817-7F2D-4B8E-809D-8C37213D46C2}.Debug|Any CPU.Build.0 = Debug|Any CPU
		{7610E817-7F2D-4B8E-809D-8C37213D46C2}.Release|Any CPU.ActiveCfg = Release|Any CPU
		{7610E817-7F2D-4B8E-809D-8C37213D46C2}.Release|Any CPU.Build.0 = Release|Any CPU
		{478C4A45-D263-4CA0-91C5-5E4EAF600647}.Debug|Any CPU.ActiveCfg = Debug|Any CPU
		{478C4A45-D263-4CA0-91C5-5E4EAF600647}.Debug|Any CPU.Build.0 = Debug|Any CPU
		{478C4A45-D263-4CA0-91C5-5E4EAF600647}.Release|Any CPU.ActiveCfg = Release|Any CPU
		{478C4A45-D263-4CA0-91C5-5E4EAF600647}.Release|Any CPU.Build.0 = Release|Any CPU
	EndGlobalSection
EndGlobal
